Microsoft Visual Studio Solution File, Format Version 12.00
# Visual Studio Version 17
VisualStudioVersion = 17.5.2.0
MinimumVisualStudioVersion = 10.0.40219.1
Project("{FAE04EC0-301F-11D3-BF4B-00C04F79EFBC}") = "Labyrinth", "Labyrinth.csproj", "{850FB246-7689-94F8-1B62-850798762536}"
EndProject
Global
	GlobalSection(SolutionConfigurationPlatforms) = preSolution
		Debug|Any CPU = Debug|Any CPU
		Release|Any CPU = Release|Any CPU
	EndGlobalSection
	GlobalSection(ProjectConfigurationPlatforms) = postSolution
		{850FB246-7689-94F8-1B62-850798762536}.Debug|Any CPU.ActiveCfg = Debug|Any CPU
		{850FB246-7689-94F8-1B62-850798762536}.Debug|Any CPU.Build.0 = Debug|Any CPU
		{850FB246-7689-94F8-1B62-850798762536}.Release|Any CPU.ActiveCfg = Release|Any CPU
		{850FB246-7689-94F8-1B62-850798762536}.Release|Any CPU.Build.0 = Release|Any CPU
	EndGlobalSection
	GlobalSection(SolutionProperties) = preSolution
		HideSolutionNode = FALSE
	EndGlobalSection
	GlobalSection(ExtensibilityGlobals) = postSolution
		SolutionGuid = {F3A6F93B-A3D5-41CD-A70B-84A19068745F}
	EndGlobalSection
EndGlobal
